
Microsoft Visual Studio Solution File, Format Version 12.00
# Visual Studio 2013
VisualStudioVersion = 12.0.40629.0
MinimumVisualStudioVersion = 10.0.40219.1
Project("{FAE04EC0-301F-11D3-BF4B-00C04F79EFBC}") = "LandMineSearchClient.Web", "LandMineSearchClient\LandMineSearchClient.Web.csproj", "{19CAFC26-F100-4A7D-8D44-4ABA5DB1A419}"
EndProject
Global
	GlobalSection(SolutionConfigurationPlatforms) = preSolution
		Debug|Any CPU = Debug|Any CPU
		Release|Any CPU = Release|Any CPU
	EndGlobalSection
	GlobalSection(ProjectConfigurationPlatforms) = postSolution
		{19CAFC26-F100-4A7D-8D44-4ABA5DB1A419}.Debug|Any CPU.ActiveCfg = Debug|Any CPU
		{19CAFC26-F100-4A7D-8D44-4ABA5DB1A419}.Debug|Any CPU.Build.0 = Debug|Any CPU
		{19CAFC26-F100-4A7D-8D44-4ABA5DB1A419}.Release|Any CPU.ActiveCfg = Release|Any CPU
		{19CAFC26-F100-4A7D-8D44-4ABA5DB1A419}.Release|Any CPU.Build.0 = Release|Any CPU
	EndGlobalSection
	GlobalSection(SolutionProperties) = preSolution
		HideSolutionNode = FALSE
	EndGlobalSection
EndGlobal
